
Microsoft Visual Studio Solution File, Format Version 12.00
# Visual Studio Version 17
VisualStudioVersion = 17.10.34928.147
MinimumVisualStudioVersion = 10.0.40219.1
Project("{FAE04EC0-301F-11D3-BF4B-00C04F79EFBC}") = "EmployeesPractice", "EmployeesPractice\EmployeesPractice.csproj", "{FD073961-6367-412F-8141-66F07207FE84}"
EndProject
Global
	GlobalSection(SolutionConfigurationPlatforms) = preSolution
		Debug|Any CPU = Debug|Any CPU
		Release|Any CPU = Release|Any CPU
	EndGlobalSection
	GlobalSection(ProjectConfigurationPlatforms) = postSolution
		{FD073961-6367-412F-8141-66F07207FE84}.Debug|Any CPU.ActiveCfg = Debug|Any CPU
		{FD073961-6367-412F-8141-66F07207FE84}.Debug|Any CPU.Build.0 = Debug|Any CPU
		{FD073961-6367-412F-8141-66F07207FE84}.Release|Any CPU.ActiveCfg = Release|Any CPU
		{FD073961-6367-412F-8141-66F07207FE84}.Release|Any CPU.Build.0 = Release|Any CPU
	EndGlobalSection
	GlobalSection(SolutionProperties) = preSolution
		HideSolutionNode = FALSE
	EndGlobalSection
	GlobalSection(ExtensibilityGlobals) = postSolution
		SolutionGuid = {B4AF66BB-37D5-4AE7-8124-F0F44BF9A99E}
	EndGlobalSection
EndGlobal
