
Microsoft Visual Studio Solution File, Format Version 12.00
# Visual Studio Version 17
VisualStudioVersion = 17.5.33627.172
MinimumVisualStudioVersion = 10.0.40219.1
Project("{FAE04EC0-301F-11D3-BF4B-00C04F79EFBC}") = "RS2241A1", "RS2241A1\RS2241A1.csproj", "{FF761A8F-D837-4D06-B982-B5AA6C10F636}"
EndProject
Global
	GlobalSection(SolutionConfigurationPlatforms) = preSolution
		Debug|Any CPU = Debug|Any CPU
		Release|Any CPU = Release|Any CPU
	EndGlobalSection
	GlobalSection(ProjectConfigurationPlatforms) = postSolution
		{FF761A8F-D837-4D06-B982-B5AA6C10F636}.Debug|Any CPU.ActiveCfg = Debug|Any CPU
		{FF761A8F-D837-4D06-B982-B5AA6C10F636}.Debug|Any CPU.Build.0 = Debug|Any CPU
		{FF761A8F-D837-4D06-B982-B5AA6C10F636}.Release|Any CPU.ActiveCfg = Release|Any CPU
		{FF761A8F-D837-4D06-B982-B5AA6C10F636}.Release|Any CPU.Build.0 = Release|Any CPU
	EndGlobalSection
	GlobalSection(SolutionProperties) = preSolution
		HideSolutionNode = FALSE
	EndGlobalSection
	GlobalSection(ExtensibilityGlobals) = postSolution
		SolutionGuid = {E1C0D4C1-EE11-413A-92A2-AAF30EBE734B}
	EndGlobalSection
EndGlobal
