
Microsoft Visual Studio Solution File, Format Version 12.00
# Visual Studio Version 17
VisualStudioVersion = 17.10.34928.147
MinimumVisualStudioVersion = 10.0.40219.1
Project("{FAE04EC0-301F-11D3-BF4B-00C04F79EFBC}") = "RS2237A4", "RS2237A4\RS2237A4.csproj", "{BCDAF0D4-5986-466C-9D71-1BF3808302C6}"
EndProject
Global
	GlobalSection(SolutionConfigurationPlatforms) = preSolution
		Debug|Any CPU = Debug|Any CPU
		Release|Any CPU = Release|Any CPU
	EndGlobalSection
	GlobalSection(ProjectConfigurationPlatforms) = postSolution
		{BCDAF0D4-5986-466C-9D71-1BF3808302C6}.Debug|Any CPU.ActiveCfg = Debug|Any CPU
		{BCDAF0D4-5986-466C-9D71-1BF3808302C6}.Debug|Any CPU.Build.0 = Debug|Any CPU
		{BCDAF0D4-5986-466C-9D71-1BF3808302C6}.Release|Any CPU.ActiveCfg = Release|Any CPU
		{BCDAF0D4-5986-466C-9D71-1BF3808302C6}.Release|Any CPU.Build.0 = Release|Any CPU
	EndGlobalSection
	GlobalSection(SolutionProperties) = preSolution
		HideSolutionNode = FALSE
	EndGlobalSection
	GlobalSection(ExtensibilityGlobals) = postSolution
		SolutionGuid = {8F6AD4DB-94F0-4FEF-B72D-8F79D43A2EAE}
	EndGlobalSection
EndGlobal
