
Microsoft Visual Studio Solution File, Format Version 12.00
# Visual Studio Version 17
VisualStudioVersion = 17.10.34928.147
MinimumVisualStudioVersion = 10.0.40219.1
Project("{FAE04EC0-301F-11D3-BF4B-00C04F79EFBC}") = "WebApplicationPractice", "WebApplicationPractice\WebApplicationPractice.csproj", "{5E6BF81F-0921-4AC0-8CAF-CBD641991FAF}"
EndProject
Global
	GlobalSection(SolutionConfigurationPlatforms) = preSolution
		Debug|Any CPU = Debug|Any CPU
		Release|Any CPU = Release|Any CPU
	EndGlobalSection
	GlobalSection(ProjectConfigurationPlatforms) = postSolution
		{5E6BF81F-0921-4AC0-8CAF-CBD641991FAF}.Debug|Any CPU.ActiveCfg = Debug|Any CPU
		{5E6BF81F-0921-4AC0-8CAF-CBD641991FAF}.Debug|Any CPU.Build.0 = Debug|Any CPU
		{5E6BF81F-0921-4AC0-8CAF-CBD641991FAF}.Release|Any CPU.ActiveCfg = Release|Any CPU
		{5E6BF81F-0921-4AC0-8CAF-CBD641991FAF}.Release|Any CPU.Build.0 = Release|Any CPU
	EndGlobalSection
	GlobalSection(SolutionProperties) = preSolution
		HideSolutionNode = FALSE
	EndGlobalSection
	GlobalSection(ExtensibilityGlobals) = postSolution
		SolutionGuid = {B48B93FC-AF27-4E1E-AFA9-DD43CAA7B59B}
	EndGlobalSection
EndGlobal
